github.com/pieterjandesmedt/hugo-theme-frederikdesmedt v0.0.0-20210112125101-d7fe33cb6ac1 h1:HutvpBOlrtcPalVYAlhYEgzi4fQsKtX/XXfhBdKp2ik=
github.com/pieterjandesmedt/hugo-theme-frederikdesmedt v0.0.0-20210112125101-d7fe33cb6ac1/go.mod h1:0ertoHfT5J7ltjy+AnbIGI+yU7rHyDIirZXONFQE+XM=
github.com/pieterjandesmedt/hugo-theme-frederikdesmedt v0.0.0-20210112132849-78c6340e6e57 h1:ZKlUP0mCuPj7XEA6EEdjP3URPea4h9Iwn3BOIdlw3cQ=
github.com/pieterjandesmedt/hugo-theme-frederikdesmedt v0.0.0-20210112132849-78c6340e6e57/go.mod h1:0ertoHfT5J7ltjy+AnbIGI+yU7rHyDIirZXONFQE+XM=
github.com/pieterjandesmedt/hugo-theme-frederikdesmedt v0.0.0-20210112133006-ce8961397aa5 h1:UkLLZ0U4gTSmJuDBOV54DirOgZhIFI8Q1oaN4Vci1XQ=
github.com/pieterjandesmedt/hugo-theme-frederikdesmedt v0.0.0-20210112133006-ce8961397aa5/go.mod h1:0ertoHfT5J7ltjy+AnbIGI+yU7rHyDIirZXONFQE+XM=
github.com/pieterjandesmedt/hugo-theme-frederikdesmedt v0.0.0-20210112134201-4e1e574865eb h1:0PcAc9VBHFZ5Duw1+UMy0/zbJUQjRSw5d8gWGGKT3wo=
github.com/pieterjandesmedt/hugo-theme-frederikdesmedt v0.0.0-20210112134201-4e1e574865eb/go.mod h1:0ertoHfT5J7ltjy+AnbIGI+yU7rHyDIirZXONFQE+XM=
github.com/pieterjandesmedt/hugo-theme-frederikdesmedt v0.0.0-20210112134713-b82eebb89eb0 h1:VTQXrIpeV6QZyrU0jvOJ2NNdp8Rq0pCJ8bZv/u2r5b8=
github.com/pieterjandesmedt/hugo-theme-frederikdesmedt v0.0.0-20210112134713-b82eebb89eb0/go.mod h1:0ertoHfT5J7ltjy+AnbIGI+yU7rHyDIirZXONFQE+XM=
